
Microsoft Visual Studio Solution File, Format Version 12.00
# Visual Studio Version 16
VisualStudioVersion = 16.0.30503.244
MinimumVisualStudioVersion = 10.0.40219.1
Project("{8BC9CEB8-8B4A-11D0-8D11-00A0C91BC942}") = "Tetris", "Tetris\Tetris.vcxproj", "{B0F02453-205A-4A54-ACC6-C4FC755A39FD}"
EndProject
Global
	GlobalSection(SolutionConfigurationPlatforms) = preSolution
		Debug|x64 = Debug|x64
		Debug|x86 = Debug|x86
		Release|x64 = Release|x64
		Release|x86 = Release|x86
	EndGlobalSection
	GlobalSection(ProjectConfigurationPlatforms) = postSolution
		{B0F02453-205A-4A54-ACC6-C4FC755A39FD}.Debug|x64.ActiveCfg = Debug|x64
		{B0F02453-205A-4A54-ACC6-C4FC755A39FD}.Debug|x64.Build.0 = Debug|x64
		{B0F02453-205A-4A54-ACC6-C4FC755A39FD}.Debug|x86.ActiveCfg = Debug|Win32
		{B0F02453-205A-4A54-ACC6-C4FC755A39FD}.Debug|x86.Build.0 = Debug|Win32
		{B0F02453-205A-4A54-ACC6-C4FC755A39FD}.Release|x64.ActiveCfg = Release|x64
		{B0F02453-205A-4A54-ACC6-C4FC755A39FD}.Release|x64.Build.0 = Release|x64
		{B0F02453-205A-4A54-ACC6-C4FC755A39FD}.Release|x86.ActiveCfg = Release|Win32
		{B0F02453-205A-4A54-ACC6-C4FC755A39FD}.Release|x86.Build.0 = Release|Win32
	EndGlobalSection
	GlobalSection(SolutionProperties) = preSolution
		HideSolutionNode = FALSE
	EndGlobalSection
	GlobalSection(ExtensibilityGlobals) = postSolution
		SolutionGuid = {87E90A04-5135-4DF1-8FB7-4FE62029582E}
	EndGlobalSection
EndGlobal
